github.com/bmkessler/fastdiv v0.0.0-20190227075523-41d5178f2044 h1:8Rz0TcIbkvU+x53bDQgezQ3tbjrQSpZRr6h9JnR9lZU=
github.com/bmkessler/fastdiv v0.0.0-20190227075523-41d5178f2044/go.mod h1:OI0uaNyGvxANSxteY6/mFRZs9EcQGqK30Bd1wqQj9zQ=
github.com/chewxy/math32 v1.10.1 h1:LFpeY0SLJXeaiej/eIp2L40VYfscTvKh/FSEZ68uMkU=
github.com/chewxy/math32 v1.10.1/go.mod h1:dOB2rcuFrCn6UHrze36WSLVPKtzPMRAQvBvUwkSsLqs=
