github.com/bmkessler/fastdiv v0.0.0-20190227075523-41d5178f2044 h1:8Rz0TcIbkvU+x53bDQgezQ3tbjrQSpZRr6h9JnR9lZU=
github.com/bmkessler/fastdiv v0.0.0-20190227075523-41d5178f2044/go.mod h1:OI0uaNyGvxANSxteY6/mFRZs9EcQGqK30Bd1wqQj9zQ=
github.com/chewxy/math32 v1.10.1 h1:LFpeY0SLJXeaiej/eIp2L40VYfscTvKh/FSEZ68uMkU=
github.com/chewxy/math32 v1.10.1/go.mod h1:dOB2rcuFrCn6UHrze36WSLVPKtzPMRAQvBvUwkSsLqs=
github.com/go-gl/mathgl v1.1.0 h1:0lzZ+rntPX3/oGrDzYGdowSLC2ky8Osirvf5uAwfIEA=
github.com/go-gl/mathgl v1.1.0/go.mod h1:yhpkQzEiH9yPyxDUGzkmgScbaBVlhC06qodikEM0ZwQ=
golang.org/x/image v0.0.0-20190321063152-3fc05d484e9f h1:FO4MZ3N56GnxbqxGKqh+YTzUWQ2sDwtFQEZgLOxh9Jc=
golang.org/x/image v0.0.0-20190321063152-3fc05d484e9f/go.mod h1:kZ7UVZpmo3dzQBMxlp+ypCbDeSB+sBbTgSJuh5dn5js=
golang.org/x/text v0.3.0/go.mod h1:NqM8EUOU14njkJ3fqMW+pc6Ldnwhi/IjpwHt7yyuwOQ=
